
Microsoft Visual Studio Solution File, Format Version 12.00
# Visual Studio Version 17
VisualStudioVersion = 17.6.33815.320
MinimumVisualStudioVersion = 10.0.40219.1
Project("{2150E333-8FDC-42A3-9474-1A3956D46DE8}") = "Lesson1", "Lesson1", "{6DC700CB-A19D-41E1-942B-62D1D419D16A}"
EndProject
Project("{2150E333-8FDC-42A3-9474-1A3956D46DE8}") = "Lesson2", "Lesson2", "{981294EA-53F8-40CD-A82E-1C1E901352E5}"
EndProject
Project("{9A19103F-16F7-4668-BE54-9A1E7A4F7556}") = "Lesson1", "Lesson1\Lesson1.csproj", "{B3162858-CCE3-4FBE-AC1B-96FDAE98773F}"
EndProject
Project("{9A19103F-16F7-4668-BE54-9A1E7A4F7556}") = "Lesson2", "Lesson2\Lesson2.csproj", "{2C1179F7-EAA5-4924-B02D-6EDA6DB33EDA}"
EndProject
Project("{2150E333-8FDC-42A3-9474-1A3956D46DE8}") = "Lesson3", "Lesson3", "{29C8B7C2-C64F-4600-9567-203E39BE8867}"
EndProject
Project("{9A19103F-16F7-4668-BE54-9A1E7A4F7556}") = "Lesson3", "Lesson3\Lesson3.csproj", "{238AE70B-92CD-4F20-AFC0-ADCAA32C8BDB}"
EndProject
Project("{2150E333-8FDC-42A3-9474-1A3956D46DE8}") = "Tasks", "Tasks", "{0834E36D-0CA8-48D8-AF3D-55EC9B04D109}"
EndProject
Project("{9A19103F-16F7-4668-BE54-9A1E7A4F7556}") = "Task1", "Task1\Task1.csproj", "{44AE6BE1-E90D-4C60-A1C2-C00022CA3274}"
EndProject
Project("{2150E333-8FDC-42A3-9474-1A3956D46DE8}") = "Lesson4", "Lesson4", "{96C78248-A250-4F4F-8AD5-02B75662DF99}"
EndProject
Project("{2150E333-8FDC-42A3-9474-1A3956D46DE8}") = "PracticeLesson", "PracticeLesson", "{E5B5A4AC-464E-42B3-BC94-3B345FF52265}"
EndProject
Project("{9A19103F-16F7-4668-BE54-9A1E7A4F7556}") = "PracticeDay4", "PracticeDay4\PracticeDay4.csproj", "{AAF414AB-9FCD-496B-865C-6103813BA6CF}"
EndProject
Project("{2150E333-8FDC-42A3-9474-1A3956D46DE8}") = "Tasks", "Tasks", "{252B919D-13C6-4EAB-8330-E17FFBC4A6A4}"
EndProject
Project("{9A19103F-16F7-4668-BE54-9A1E7A4F7556}") = "Task_4Day", "Task_4Day\Task_4Day.csproj", "{D76B4A4F-F1BB-4B35-8872-2F70D665CF7C}"
EndProject
Project("{2150E333-8FDC-42A3-9474-1A3956D46DE8}") = "Lesson5", "Lesson5", "{29846C09-E2BC-43D9-9567-E3BF552E2928}"
EndProject
Project("{2150E333-8FDC-42A3-9474-1A3956D46DE8}") = "Practice5", "Practice5", "{A8D5652D-102C-47B1-ABD3-63BEAB1F9D67}"
EndProject
Project("{9A19103F-16F7-4668-BE54-9A1E7A4F7556}") = "Practice5", "Practice5\Practice5.csproj", "{91C7C187-4BB4-4B56-967F-16AEAF15FA4C}"
EndProject
Project("{9A19103F-16F7-4668-BE54-9A1E7A4F7556}") = "Practice5.2", "Practice5.2\Practice5.2.csproj", "{E26B291D-D679-4273-9005-93CD0917F800}"
EndProject
Project("{2150E333-8FDC-42A3-9474-1A3956D46DE8}") = "MainPractice5", "MainPractice5", "{1CC51DEC-D088-4EBD-8A61-7B7BCA109439}"
EndProject
Project("{9A19103F-16F7-4668-BE54-9A1E7A4F7556}") = "MainPractice5", "MainPractice5\MainPractice5.csproj", "{DB54C5AD-7F49-4092-A5B5-8F212D2AAD6E}"
EndProject
Project("{2150E333-8FDC-42A3-9474-1A3956D46DE8}") = "Lesson6", "Lesson6", "{609CDAFF-0BE5-4D8D-B469-C06CA9E1299C}"
EndProject
Project("{2150E333-8FDC-42A3-9474-1A3956D46DE8}") = "Practice6", "Practice6", "{C6019BD1-C7F6-4F90-B971-48D63FEBC137}"
EndProject
Project("{2150E333-8FDC-42A3-9474-1A3956D46DE8}") = "Main_Practice6", "Main_Practice6", "{EE1975FC-1AFB-405F-839D-105CB1C17743}"
EndProject
Project("{9A19103F-16F7-4668-BE54-9A1E7A4F7556}") = "Main_Practice6", "Main_Practice6\Main_Practice6.csproj", "{916E1FAC-9CAB-4FC8-99AB-3B1C2CBD68C7}"
EndProject
Project("{2150E333-8FDC-42A3-9474-1A3956D46DE8}") = "Lesson7", "Lesson7", "{BEF4BBA7-695E-47FF-A2A2-3373912CB09E}"
EndProject
Project("{2150E333-8FDC-42A3-9474-1A3956D46DE8}") = "MainPractice", "MainPractice", "{DAD1168A-C481-4756-82CE-66C37E517F0B}"
EndProject
Project("{9A19103F-16F7-4668-BE54-9A1E7A4F7556}") = "MainPractice_7StringBuilder", "MainPractice_7StringBuilder\MainPractice_7StringBuilder.csproj", "{5D016851-D5CF-4592-8200-7C4D8E2047CB}"
EndProject
Project("{2150E333-8FDC-42A3-9474-1A3956D46DE8}") = "Lesson8", "Lesson8", "{2D71B30B-2870-4B60-A5D3-FABEA66CA7EE}"
EndProject
Project("{2150E333-8FDC-42A3-9474-1A3956D46DE8}") = "MainPractice", "MainPractice", "{C9306E66-1611-40CC-9EC3-7D38CB4CFC54}"
EndProject
Project("{9A19103F-16F7-4668-BE54-9A1E7A4F7556}") = "MainPractice_8", "MainPractice_8\MainPractice_8.csproj", "{29A2DE82-D5FC-41BB-BAEF-EEAE185C02E0}"
EndProject
Project("{2150E333-8FDC-42A3-9474-1A3956D46DE8}") = "Lesson9", "Lesson9", "{952DF107-85FE-4C28-9DF5-33D2CF63B21C}"
EndProject
Project("{2150E333-8FDC-42A3-9474-1A3956D46DE8}") = "Practic", "Practic", "{C75EF68E-775F-4A20-A168-D28AF638CDCA}"
EndProject
Project("{9A19103F-16F7-4668-BE54-9A1E7A4F7556}") = "Practice_9", "Practice\Practice_9.csproj", "{542125D6-1760-4907-8063-EDE510362E49}"
EndProject
Project("{2150E333-8FDC-42A3-9474-1A3956D46DE8}") = "MainPractice", "MainPractice", "{85B44278-E912-4D86-9C8D-61A48FB7AE7D}"
EndProject
Project("{9A19103F-16F7-4668-BE54-9A1E7A4F7556}") = "MainPractice_9", "MainPractice_9\MainPractice_9.csproj", "{2A9B4D88-9FE6-4518-9D74-5FE515167DD5}"
EndProject
Project("{9A19103F-16F7-4668-BE54-9A1E7A4F7556}") = "MainPractice_9_2", "MainPractice_9_2\MainPractice_9_2.csproj", "{760EFE1A-4B2D-4E45-AC22-411C4D7DD7D8}"
EndProject
Project("{2150E333-8FDC-42A3-9474-1A3956D46DE8}") = "Lesson10", "Lesson10", "{5A273E04-2F55-4E8F-A49F-636C72EF211D}"
EndProject
Project("{2150E333-8FDC-42A3-9474-1A3956D46DE8}") = "Practice", "Practice", "{776C518E-5813-4F27-A3E3-901C32F0791B}"
EndProject
Project("{9A19103F-16F7-4668-BE54-9A1E7A4F7556}") = "Practice10_1", "Practice10_1\Practice10_1.csproj", "{346CCE19-5F18-477F-8C88-9289AB36A4BE}"
EndProject
Project("{9A19103F-16F7-4668-BE54-9A1E7A4F7556}") = "Practice10_2", "Practice10_2\Practice10_2.csproj", "{A2C87964-01FE-4776-AE1B-2BF8F86FDBA3}"
EndProject
Project("{9A19103F-16F7-4668-BE54-9A1E7A4F7556}") = "Practice10_3", "Practice10_3\Practice10_3.csproj", "{5EF3291F-83CF-411B-84FE-09ED03F8A529}"
EndProject
Project("{9A19103F-16F7-4668-BE54-9A1E7A4F7556}") = "Practice10_4", "Practice10_4\Practice10_4.csproj", "{45CE9D95-3D50-4437-A070-946C8346271A}"
EndProject
Project("{2150E333-8FDC-42A3-9474-1A3956D46DE8}") = "Lesson11", "Lesson11", "{C9A0297F-A038-434C-81AF-869705B78D94}"
EndProject
Project("{9A19103F-16F7-4668-BE54-9A1E7A4F7556}") = "Practice11_1", "Practice11_1\Practice11_1.csproj", "{4562DDEB-4E85-430F-B849-445A3EBCF755}"
EndProject
Project("{2150E333-8FDC-42A3-9474-1A3956D46DE8}") = "Lesson12", "Lesson12", "{57C90A8D-2875-4771-AE3B-FE35C9A35144}"
EndProject
Project("{9A19103F-16F7-4668-BE54-9A1E7A4F7556}") = "Practice12_1", "Practice12_1\Practice12_1.csproj", "{165144E0-D67E-4F77-A6E2-6D5F0F664DB4}"
EndProject
Project("{9A19103F-16F7-4668-BE54-9A1E7A4F7556}") = "Practice12_2", "Practice12_2\Practice12_2.csproj", "{B4A668A7-C2A4-40DD-BAF4-563B2C4E541C}"
EndProject
Project("{9A19103F-16F7-4668-BE54-9A1E7A4F7556}") = "Practice12_3", "Practice12_3\Practice12_3.csproj", "{99F9CD8C-F55E-41DB-BA5F-49B5A7DFD1CE}"
EndProject
Project("{2150E333-8FDC-42A3-9474-1A3956D46DE8}") = "Lesson13", "Lesson13", "{A4070972-12DA-4B99-A249-05BA68C35BE1}"
EndProject
Project("{9A19103F-16F7-4668-BE54-9A1E7A4F7556}") = "Practice13_1", "Practice13_1\Practice13_1.csproj", "{85EBCE89-46CE-4CDC-930E-19F13C552AF0}"
EndProject
Project("{9A19103F-16F7-4668-BE54-9A1E7A4F7556}") = "Practice13_2", "Practice13_2\Practice13_2.csproj", "{4BD72B3A-2F7D-4B5F-9296-D26112473E8D}"
EndProject
Project("{9A19103F-16F7-4668-BE54-9A1E7A4F7556}") = "Practice13_3", "Practice13_3\Practice13_3.csproj", "{BD4BD970-1655-43ED-9BF4-E1A964143A3E}"
EndProject
Project("{9A19103F-16F7-4668-BE54-9A1E7A4F7556}") = "Practice13_4", "Practice13_4\Practice13_4.csproj", "{B59B8590-7F38-440D-B37A-50DFC3E0E768}"
EndProject
Project("{9A19103F-16F7-4668-BE54-9A1E7A4F7556}") = "Practice13_5", "Practice13_5\Practice13_5.csproj", "{D2F9ECCC-6A2F-4B4C-AA7B-6BBEAD0553F2}"
EndProject
Project("{9A19103F-16F7-4668-BE54-9A1E7A4F7556}") = "Project13_6", "Project_13_5\Project13_6.csproj", "{68722CD5-0199-41D4-A62A-A87D847D2329}"
EndProject
Project("{9A19103F-16F7-4668-BE54-9A1E7A4F7556}") = "Practice13_7", "Practice13_7\Practice13_7.csproj", "{3E60D0F4-A88F-4120-A11D-EAA18BB7F980}"
EndProject
Project("{9A19103F-16F7-4668-BE54-9A1E7A4F7556}") = "Practice13_8", "Practice13_8\Practice13_8.csproj", "{26A405DF-8BCB-481F-909A-772763FA520E}"
EndProject
Project("{2150E333-8FDC-42A3-9474-1A3956D46DE8}") = "Lesson14", "Lesson14", "{30E097AB-75ED-42D1-8569-88721A969641}"
EndProject
Project("{9A19103F-16F7-4668-BE54-9A1E7A4F7556}") = "N14_1", "N14_1\N14_1.csproj", "{3340DE0A-D38B-4E8D-A4B5-9D650EA53C72}"
EndProject
Project("{9A19103F-16F7-4668-BE54-9A1E7A4F7556}") = "N14_2", "N14_2\N14_2.csproj", "{390BC5C5-8BE1-4B4E-9C80-887EF4874223}"
EndProject
Project("{FAE04EC0-301F-11D3-BF4B-00C04F79EFBC}") = "N14_3", "N14_3\N14_3.csproj", "{0319AD57-A9AE-4879-88A5-29ED4F163C79}"
EndProject
Project("{FAE04EC0-301F-11D3-BF4B-00C04F79EFBC}") = "N14_4", "N14_4\N14_4.csproj", "{A3335AA8-8EC4-4FFA-97F1-BC26241C9CB0}"
EndProject
Global
	GlobalSection(SolutionConfigurationPlatforms) = preSolution
		Debug|Any CPU = Debug|Any CPU
		Release|Any CPU = Release|Any CPU
	EndGlobalSection
	GlobalSection(ProjectConfigurationPlatforms) = postSolution
		{B3162858-CCE3-4FBE-AC1B-96FDAE98773F}.Debug|Any CPU.ActiveCfg = Debug|Any CPU
		{B3162858-CCE3-4FBE-AC1B-96FDAE98773F}.Debug|Any CPU.Build.0 = Debug|Any CPU
		{B3162858-CCE3-4FBE-AC1B-96FDAE98773F}.Release|Any CPU.ActiveCfg = Release|Any CPU
		{B3162858-CCE3-4FBE-AC1B-96FDAE98773F}.Release|Any CPU.Build.0 = Release|Any CPU
		{2C1179F7-EAA5-4924-B02D-6EDA6DB33EDA}.Debug|Any CPU.ActiveCfg = Debug|Any CPU
		{2C1179F7-EAA5-4924-B02D-6EDA6DB33EDA}.Debug|Any CPU.Build.0 = Debug|Any CPU
		{2C1179F7-EAA5-4924-B02D-6EDA6DB33EDA}.Release|Any CPU.ActiveCfg = Release|Any CPU
		{2C1179F7-EAA5-4924-B02D-6EDA6DB33EDA}.Release|Any CPU.Build.0 = Release|Any CPU
		{238AE70B-92CD-4F20-AFC0-ADCAA32C8BDB}.Debug|Any CPU.ActiveCfg = Debug|Any CPU
		{238AE70B-92CD-4F20-AFC0-ADCAA32C8BDB}.Debug|Any CPU.Build.0 = Debug|Any CPU
		{238AE70B-92CD-4F20-AFC0-ADCAA32C8BDB}.Release|Any CPU.ActiveCfg = Release|Any CPU
		{238AE70B-92CD-4F20-AFC0-ADCAA32C8BDB}.Release|Any CPU.Build.0 = Release|Any CPU
		{44AE6BE1-E90D-4C60-A1C2-C00022CA3274}.Debug|Any CPU.ActiveCfg = Debug|Any CPU
		{44AE6BE1-E90D-4C60-A1C2-C00022CA3274}.Debug|Any CPU.Build.0 = Debug|Any CPU
		{44AE6BE1-E90D-4C60-A1C2-C00022CA3274}.Release|Any CPU.ActiveCfg = Release|Any CPU
		{44AE6BE1-E90D-4C60-A1C2-C00022CA3274}.Release|Any CPU.Build.0 = Release|Any CPU
		{AAF414AB-9FCD-496B-865C-6103813BA6CF}.Debug|Any CPU.ActiveCfg = Debug|Any CPU
		{AAF414AB-9FCD-496B-865C-6103813BA6CF}.Debug|Any CPU.Build.0 = Debug|Any CPU
		{AAF414AB-9FCD-496B-865C-6103813BA6CF}.Release|Any CPU.ActiveCfg = Release|Any CPU
		{AAF414AB-9FCD-496B-865C-6103813BA6CF}.Release|Any CPU.Build.0 = Release|Any CPU
		{D76B4A4F-F1BB-4B35-8872-2F70D665CF7C}.Debug|Any CPU.ActiveCfg = Debug|Any CPU
		{D76B4A4F-F1BB-4B35-8872-2F70D665CF7C}.Debug|Any CPU.Build.0 = Debug|Any CPU
		{D76B4A4F-F1BB-4B35-8872-2F70D665CF7C}.Release|Any CPU.ActiveCfg = Release|Any CPU
		{D76B4A4F-F1BB-4B35-8872-2F70D665CF7C}.Release|Any CPU.Build.0 = Release|Any CPU
		{91C7C187-4BB4-4B56-967F-16AEAF15FA4C}.Debug|Any CPU.ActiveCfg = Debug|Any CPU
		{91C7C187-4BB4-4B56-967F-16AEAF15FA4C}.Debug|Any CPU.Build.0 = Debug|Any CPU
		{91C7C187-4BB4-4B56-967F-16AEAF15FA4C}.Release|Any CPU.ActiveCfg = Release|Any CPU
		{91C7C187-4BB4-4B56-967F-16AEAF15FA4C}.Release|Any CPU.Build.0 = Release|Any CPU
		{E26B291D-D679-4273-9005-93CD0917F800}.Debug|Any CPU.ActiveCfg = Debug|Any CPU
		{E26B291D-D679-4273-9005-93CD0917F800}.Debug|Any CPU.Build.0 = Debug|Any CPU
		{E26B291D-D679-4273-9005-93CD0917F800}.Release|Any CPU.ActiveCfg = Release|Any CPU
		{E26B291D-D679-4273-9005-93CD0917F800}.Release|Any CPU.Build.0 = Release|Any CPU
		{DB54C5AD-7F49-4092-A5B5-8F212D2AAD6E}.Debug|Any CPU.ActiveCfg = Debug|Any CPU
		{DB54C5AD-7F49-4092-A5B5-8F212D2AAD6E}.Debug|Any CPU.Build.0 = Debug|Any CPU
		{DB54C5AD-7F49-4092-A5B5-8F212D2AAD6E}.Release|Any CPU.ActiveCfg = Release|Any CPU
		{DB54C5AD-7F49-4092-A5B5-8F212D2AAD6E}.Release|Any CPU.Build.0 = Release|Any CPU
		{916E1FAC-9CAB-4FC8-99AB-3B1C2CBD68C7}.Debug|Any CPU.ActiveCfg = Debug|Any CPU
		{916E1FAC-9CAB-4FC8-99AB-3B1C2CBD68C7}.Debug|Any CPU.Build.0 = Debug|Any CPU
		{916E1FAC-9CAB-4FC8-99AB-3B1C2CBD68C7}.Release|Any CPU.ActiveCfg = Release|Any CPU
		{916E1FAC-9CAB-4FC8-99AB-3B1C2CBD68C7}.Release|Any CPU.Build.0 = Release|Any CPU
		{5D016851-D5CF-4592-8200-7C4D8E2047CB}.Debug|Any CPU.ActiveCfg = Debug|Any CPU
		{5D016851-D5CF-4592-8200-7C4D8E2047CB}.Debug|Any CPU.Build.0 = Debug|Any CPU
		{5D016851-D5CF-4592-8200-7C4D8E2047CB}.Release|Any CPU.ActiveCfg = Release|Any CPU
		{5D016851-D5CF-4592-8200-7C4D8E2047CB}.Release|Any CPU.Build.0 = Release|Any CPU
		{29A2DE82-D5FC-41BB-BAEF-EEAE185C02E0}.Debug|Any CPU.ActiveCfg = Debug|Any CPU
		{29A2DE82-D5FC-41BB-BAEF-EEAE185C02E0}.Debug|Any CPU.Build.0 = Debug|Any CPU
		{29A2DE82-D5FC-41BB-BAEF-EEAE185C02E0}.Release|Any CPU.ActiveCfg = Release|Any CPU
		{29A2DE82-D5FC-41BB-BAEF-EEAE185C02E0}.Release|Any CPU.Build.0 = Release|Any CPU
		{542125D6-1760-4907-8063-EDE510362E49}.Debug|Any CPU.ActiveCfg = Debug|Any CPU
		{542125D6-1760-4907-8063-EDE510362E49}.Debug|Any CPU.Build.0 = Debug|Any CPU
		{542125D6-1760-4907-8063-EDE510362E49}.Release|Any CPU.ActiveCfg = Release|Any CPU
		{542125D6-1760-4907-8063-EDE510362E49}.Release|Any CPU.Build.0 = Release|Any CPU
		{2A9B4D88-9FE6-4518-9D74-5FE515167DD5}.Debug|Any CPU.ActiveCfg = Debug|Any CPU
		{2A9B4D88-9FE6-4518-9D74-5FE515167DD5}.Debug|Any CPU.Build.0 = Debug|Any CPU
		{2A9B4D88-9FE6-4518-9D74-5FE515167DD5}.Release|Any CPU.ActiveCfg = Release|Any CPU
		{2A9B4D88-9FE6-4518-9D74-5FE515167DD5}.Release|Any CPU.Build.0 = Release|Any CPU
		{760EFE1A-4B2D-4E45-AC22-411C4D7DD7D8}.Debug|Any CPU.ActiveCfg = Debug|Any CPU
		{760EFE1A-4B2D-4E45-AC22-411C4D7DD7D8}.Debug|Any CPU.Build.0 = Debug|Any CPU
		{760EFE1A-4B2D-4E45-AC22-411C4D7DD7D8}.Release|Any CPU.ActiveCfg = Release|Any CPU
		{760EFE1A-4B2D-4E45-AC22-411C4D7DD7D8}.Release|Any CPU.Build.0 = Release|Any CPU
		{346CCE19-5F18-477F-8C88-9289AB36A4BE}.Debug|Any CPU.ActiveCfg = Debug|Any CPU
		{346CCE19-5F18-477F-8C88-9289AB36A4BE}.Debug|Any CPU.Build.0 = Debug|Any CPU
		{346CCE19-5F18-477F-8C88-9289AB36A4BE}.Release|Any CPU.ActiveCfg = Release|Any CPU
		{346CCE19-5F18-477F-8C88-9289AB36A4BE}.Release|Any CPU.Build.0 = Release|Any CPU
		{A2C87964-01FE-4776-AE1B-2BF8F86FDBA3}.Debug|Any CPU.ActiveCfg = Debug|Any CPU
		{A2C87964-01FE-4776-AE1B-2BF8F86FDBA3}.Debug|Any CPU.Build.0 = Debug|Any CPU
		{A2C87964-01FE-4776-AE1B-2BF8F86FDBA3}.Release|Any CPU.ActiveCfg = Release|Any CPU
		{A2C87964-01FE-4776-AE1B-2BF8F86FDBA3}.Release|Any CPU.Build.0 = Release|Any CPU
		{5EF3291F-83CF-411B-84FE-09ED03F8A529}.Debug|Any CPU.ActiveCfg = Debug|Any CPU
		{5EF3291F-83CF-411B-84FE-09ED03F8A529}.Debug|Any CPU.Build.0 = Debug|Any CPU
		{5EF3291F-83CF-411B-84FE-09ED03F8A529}.Release|Any CPU.ActiveCfg = Release|Any CPU
		{5EF3291F-83CF-411B-84FE-09ED03F8A529}.Release|Any CPU.Build.0 = Release|Any CPU
		{45CE9D95-3D50-4437-A070-946C8346271A}.Debug|Any CPU.ActiveCfg = Debug|Any CPU
		{45CE9D95-3D50-4437-A070-946C8346271A}.Debug|Any CPU.Build.0 = Debug|Any CPU
		{45CE9D95-3D50-4437-A070-946C8346271A}.Release|Any CPU.ActiveCfg = Release|Any CPU
		{45CE9D95-3D50-4437-A070-946C8346271A}.Release|Any CPU.Build.0 = Release|Any CPU
		{4562DDEB-4E85-430F-B849-445A3EBCF755}.Debug|Any CPU.ActiveCfg = Debug|Any CPU
		{4562DDEB-4E85-430F-B849-445A3EBCF755}.Debug|Any CPU.Build.0 = Debug|Any CPU
		{4562DDEB-4E85-430F-B849-445A3EBCF755}.Release|Any CPU.ActiveCfg = Release|Any CPU
		{4562DDEB-4E85-430F-B849-445A3EBCF755}.Release|Any CPU.Build.0 = Release|Any CPU
		{165144E0-D67E-4F77-A6E2-6D5F0F664DB4}.Debug|Any CPU.ActiveCfg = Debug|Any CPU
		{165144E0-D67E-4F77-A6E2-6D5F0F664DB4}.Debug|Any CPU.Build.0 = Debug|Any CPU
		{165144E0-D67E-4F77-A6E2-6D5F0F664DB4}.Release|Any CPU.ActiveCfg = Release|Any CPU
		{165144E0-D67E-4F77-A6E2-6D5F0F664DB4}.Release|Any CPU.Build.0 = Release|Any CPU
		{B4A668A7-C2A4-40DD-BAF4-563B2C4E541C}.Debug|Any CPU.ActiveCfg = Debug|Any CPU
		{B4A668A7-C2A4-40DD-BAF4-563B2C4E541C}.Debug|Any CPU.Build.0 = Debug|Any CPU
		{B4A668A7-C2A4-40DD-BAF4-563B2C4E541C}.Release|Any CPU.ActiveCfg = Release|Any CPU
		{B4A668A7-C2A4-40DD-BAF4-563B2C4E541C}.Release|Any CPU.Build.0 = Release|Any CPU
		{99F9CD8C-F55E-41DB-BA5F-49B5A7DFD1CE}.Debug|Any CPU.ActiveCfg = Debug|Any CPU
		{99F9CD8C-F55E-41DB-BA5F-49B5A7DFD1CE}.Debug|Any CPU.Build.0 = Debug|Any CPU
		{99F9CD8C-F55E-41DB-BA5F-49B5A7DFD1CE}.Release|Any CPU.ActiveCfg = Release|Any CPU
		{99F9CD8C-F55E-41DB-BA5F-49B5A7DFD1CE}.Release|Any CPU.Build.0 = Release|Any CPU
		{85EBCE89-46CE-4CDC-930E-19F13C552AF0}.Debug|Any CPU.ActiveCfg = Debug|Any CPU
		{85EBCE89-46CE-4CDC-930E-19F13C552AF0}.Debug|Any CPU.Build.0 = Debug|Any CPU
		{85EBCE89-46CE-4CDC-930E-19F13C552AF0}.Release|Any CPU.ActiveCfg = Release|Any CPU
		{85EBCE89-46CE-4CDC-930E-19F13C552AF0}.Release|Any CPU.Build.0 = Release|Any CPU
		{4BD72B3A-2F7D-4B5F-9296-D26112473E8D}.Debug|Any CPU.ActiveCfg = Debug|Any CPU
		{4BD72B3A-2F7D-4B5F-9296-D26112473E8D}.Debug|Any CPU.Build.0 = Debug|Any CPU
		{4BD72B3A-2F7D-4B5F-9296-D26112473E8D}.Release|Any CPU.ActiveCfg = Release|Any CPU
		{4BD72B3A-2F7D-4B5F-9296-D26112473E8D}.Release|Any CPU.Build.0 = Release|Any CPU
		{BD4BD970-1655-43ED-9BF4-E1A964143A3E}.Debug|Any CPU.ActiveCfg = Debug|Any CPU
		{BD4BD970-1655-43ED-9BF4-E1A964143A3E}.Debug|Any CPU.Build.0 = Debug|Any CPU
		{BD4BD970-1655-43ED-9BF4-E1A964143A3E}.Release|Any CPU.ActiveCfg = Release|Any CPU
		{BD4BD970-1655-43ED-9BF4-E1A964143A3E}.Release|Any CPU.Build.0 = Release|Any CPU
		{B59B8590-7F38-440D-B37A-50DFC3E0E768}.Debug|Any CPU.ActiveCfg = Debug|Any CPU
		{B59B8590-7F38-440D-B37A-50DFC3E0E768}.Debug|Any CPU.Build.0 = Debug|Any CPU
		{B59B8590-7F38-440D-B37A-50DFC3E0E768}.Release|Any CPU.ActiveCfg = Release|Any CPU
		{B59B8590-7F38-440D-B37A-50DFC3E0E768}.Release|Any CPU.Build.0 = Release|Any CPU
		{D2F9ECCC-6A2F-4B4C-AA7B-6BBEAD0553F2}.Debug|Any CPU.ActiveCfg = Debug|Any CPU
		{D2F9ECCC-6A2F-4B4C-AA7B-6BBEAD0553F2}.Debug|Any CPU.Build.0 = Debug|Any CPU
		{D2F9ECCC-6A2F-4B4C-AA7B-6BBEAD0553F2}.Release|Any CPU.ActiveCfg = Release|Any CPU
		{D2F9ECCC-6A2F-4B4C-AA7B-6BBEAD0553F2}.Release|Any CPU.Build.0 = Release|Any CPU
		{68722CD5-0199-41D4-A62A-A87D847D2329}.Debug|Any CPU.ActiveCfg = Debug|Any CPU
		{68722CD5-0199-41D4-A62A-A87D847D2329}.Debug|Any CPU.Build.0 = Debug|Any CPU
		{68722CD5-0199-41D4-A62A-A87D847D2329}.Release|Any CPU.ActiveCfg = Release|Any CPU
		{68722CD5-0199-41D4-A62A-A87D847D2329}.Release|Any CPU.Build.0 = Release|Any CPU
		{3E60D0F4-A88F-4120-A11D-EAA18BB7F980}.Debug|Any CPU.ActiveCfg = Debug|Any CPU
		{3E60D0F4-A88F-4120-A11D-EAA18BB7F980}.Debug|Any CPU.Build.0 = Debug|Any CPU
		{3E60D0F4-A88F-4120-A11D-EAA18BB7F980}.Release|Any CPU.ActiveCfg = Release|Any CPU
		{3E60D0F4-A88F-4120-A11D-EAA18BB7F980}.Release|Any CPU.Build.0 = Release|Any CPU
		{26A405DF-8BCB-481F-909A-772763FA520E}.Debug|Any CPU.ActiveCfg = Debug|Any CPU
		{26A405DF-8BCB-481F-909A-772763FA520E}.Debug|Any CPU.Build.0 = Debug|Any CPU
		{26A405DF-8BCB-481F-909A-772763FA520E}.Release|Any CPU.ActiveCfg = Release|Any CPU
		{26A405DF-8BCB-481F-909A-772763FA520E}.Release|Any CPU.Build.0 = Release|Any CPU
		{3340DE0A-D38B-4E8D-A4B5-9D650EA53C72}.Debug|Any CPU.ActiveCfg = Debug|Any CPU
		{3340DE0A-D38B-4E8D-A4B5-9D650EA53C72}.Debug|Any CPU.Build.0 = Debug|Any CPU
		{3340DE0A-D38B-4E8D-A4B5-9D650EA53C72}.Release|Any CPU.ActiveCfg = Release|Any CPU
		{3340DE0A-D38B-4E8D-A4B5-9D650EA53C72}.Release|Any CPU.Build.0 = Release|Any CPU
		{390BC5C5-8BE1-4B4E-9C80-887EF4874223}.Debug|Any CPU.ActiveCfg = Debug|Any CPU
		{390BC5C5-8BE1-4B4E-9C80-887EF4874223}.Debug|Any CPU.Build.0 = Debug|Any CPU
		{390BC5C5-8BE1-4B4E-9C80-887EF4874223}.Release|Any CPU.ActiveCfg = Release|Any CPU
		{390BC5C5-8BE1-4B4E-9C80-887EF4874223}.Release|Any CPU.Build.0 = Release|Any CPU
		{0319AD57-A9AE-4879-88A5-29ED4F163C79}.Debug|Any CPU.ActiveCfg = Debug|Any CPU
		{0319AD57-A9AE-4879-88A5-29ED4F163C79}.Debug|Any CPU.Build.0 = Debug|Any CPU
		{0319AD57-A9AE-4879-88A5-29ED4F163C79}.Release|Any CPU.ActiveCfg = Release|Any CPU
		{0319AD57-A9AE-4879-88A5-29ED4F163C79}.Release|Any CPU.Build.0 = Release|Any CPU
		{A3335AA8-8EC4-4FFA-97F1-BC26241C9CB0}.Debug|Any CPU.ActiveCfg = Debug|Any CPU
		{A3335AA8-8EC4-4FFA-97F1-BC26241C9CB0}.Debug|Any CPU.Build.0 = Debug|Any CPU
		{A3335AA8-8EC4-4FFA-97F1-BC26241C9CB0}.Release|Any CPU.ActiveCfg = Release|Any CPU
		{A3335AA8-8EC4-4FFA-97F1-BC26241C9CB0}.Release|Any CPU.Build.0 = Release|Any CPU
	EndGlobalSection
	GlobalSection(SolutionProperties) = preSolution
		HideSolutionNode = FALSE
	EndGlobalSection
	GlobalSection(NestedProjects) = preSolution
		{B3162858-CCE3-4FBE-AC1B-96FDAE98773F} = {6DC700CB-A19D-41E1-942B-62D1D419D16A}
		{2C1179F7-EAA5-4924-B02D-6EDA6DB33EDA} = {981294EA-53F8-40CD-A82E-1C1E901352E5}
		{238AE70B-92CD-4F20-AFC0-ADCAA32C8BDB} = {29C8B7C2-C64F-4600-9567-203E39BE8867}
		{0834E36D-0CA8-48D8-AF3D-55EC9B04D109} = {29C8B7C2-C64F-4600-9567-203E39BE8867}
		{44AE6BE1-E90D-4C60-A1C2-C00022CA3274} = {0834E36D-0CA8-48D8-AF3D-55EC9B04D109}
		{E5B5A4AC-464E-42B3-BC94-3B345FF52265} = {96C78248-A250-4F4F-8AD5-02B75662DF99}
		{AAF414AB-9FCD-496B-865C-6103813BA6CF} = {E5B5A4AC-464E-42B3-BC94-3B345FF52265}
		{252B919D-13C6-4EAB-8330-E17FFBC4A6A4} = {96C78248-A250-4F4F-8AD5-02B75662DF99}
		{D76B4A4F-F1BB-4B35-8872-2F70D665CF7C} = {252B919D-13C6-4EAB-8330-E17FFBC4A6A4}
		{A8D5652D-102C-47B1-ABD3-63BEAB1F9D67} = {29846C09-E2BC-43D9-9567-E3BF552E2928}
		{91C7C187-4BB4-4B56-967F-16AEAF15FA4C} = {A8D5652D-102C-47B1-ABD3-63BEAB1F9D67}
		{E26B291D-D679-4273-9005-93CD0917F800} = {A8D5652D-102C-47B1-ABD3-63BEAB1F9D67}
		{1CC51DEC-D088-4EBD-8A61-7B7BCA109439} = {29846C09-E2BC-43D9-9567-E3BF552E2928}
		{DB54C5AD-7F49-4092-A5B5-8F212D2AAD6E} = {1CC51DEC-D088-4EBD-8A61-7B7BCA109439}
		{C6019BD1-C7F6-4F90-B971-48D63FEBC137} = {609CDAFF-0BE5-4D8D-B469-C06CA9E1299C}
		{EE1975FC-1AFB-405F-839D-105CB1C17743} = {609CDAFF-0BE5-4D8D-B469-C06CA9E1299C}
		{916E1FAC-9CAB-4FC8-99AB-3B1C2CBD68C7} = {EE1975FC-1AFB-405F-839D-105CB1C17743}
		{DAD1168A-C481-4756-82CE-66C37E517F0B} = {BEF4BBA7-695E-47FF-A2A2-3373912CB09E}
		{5D016851-D5CF-4592-8200-7C4D8E2047CB} = {DAD1168A-C481-4756-82CE-66C37E517F0B}
		{C9306E66-1611-40CC-9EC3-7D38CB4CFC54} = {2D71B30B-2870-4B60-A5D3-FABEA66CA7EE}
		{29A2DE82-D5FC-41BB-BAEF-EEAE185C02E0} = {C9306E66-1611-40CC-9EC3-7D38CB4CFC54}
		{C75EF68E-775F-4A20-A168-D28AF638CDCA} = {952DF107-85FE-4C28-9DF5-33D2CF63B21C}
		{542125D6-1760-4907-8063-EDE510362E49} = {C75EF68E-775F-4A20-A168-D28AF638CDCA}
		{85B44278-E912-4D86-9C8D-61A48FB7AE7D} = {952DF107-85FE-4C28-9DF5-33D2CF63B21C}
		{2A9B4D88-9FE6-4518-9D74-5FE515167DD5} = {85B44278-E912-4D86-9C8D-61A48FB7AE7D}
		{760EFE1A-4B2D-4E45-AC22-411C4D7DD7D8} = {85B44278-E912-4D86-9C8D-61A48FB7AE7D}
		{776C518E-5813-4F27-A3E3-901C32F0791B} = {5A273E04-2F55-4E8F-A49F-636C72EF211D}
		{346CCE19-5F18-477F-8C88-9289AB36A4BE} = {776C518E-5813-4F27-A3E3-901C32F0791B}
		{A2C87964-01FE-4776-AE1B-2BF8F86FDBA3} = {776C518E-5813-4F27-A3E3-901C32F0791B}
		{5EF3291F-83CF-411B-84FE-09ED03F8A529} = {776C518E-5813-4F27-A3E3-901C32F0791B}
		{45CE9D95-3D50-4437-A070-946C8346271A} = {776C518E-5813-4F27-A3E3-901C32F0791B}
		{4562DDEB-4E85-430F-B849-445A3EBCF755} = {C9A0297F-A038-434C-81AF-869705B78D94}
		{165144E0-D67E-4F77-A6E2-6D5F0F664DB4} = {57C90A8D-2875-4771-AE3B-FE35C9A35144}
		{B4A668A7-C2A4-40DD-BAF4-563B2C4E541C} = {57C90A8D-2875-4771-AE3B-FE35C9A35144}
		{99F9CD8C-F55E-41DB-BA5F-49B5A7DFD1CE} = {57C90A8D-2875-4771-AE3B-FE35C9A35144}
		{85EBCE89-46CE-4CDC-930E-19F13C552AF0} = {A4070972-12DA-4B99-A249-05BA68C35BE1}
		{4BD72B3A-2F7D-4B5F-9296-D26112473E8D} = {A4070972-12DA-4B99-A249-05BA68C35BE1}
		{BD4BD970-1655-43ED-9BF4-E1A964143A3E} = {A4070972-12DA-4B99-A249-05BA68C35BE1}
		{B59B8590-7F38-440D-B37A-50DFC3E0E768} = {A4070972-12DA-4B99-A249-05BA68C35BE1}
		{D2F9ECCC-6A2F-4B4C-AA7B-6BBEAD0553F2} = {A4070972-12DA-4B99-A249-05BA68C35BE1}
		{68722CD5-0199-41D4-A62A-A87D847D2329} = {A4070972-12DA-4B99-A249-05BA68C35BE1}
		{3E60D0F4-A88F-4120-A11D-EAA18BB7F980} = {A4070972-12DA-4B99-A249-05BA68C35BE1}
		{26A405DF-8BCB-481F-909A-772763FA520E} = {A4070972-12DA-4B99-A249-05BA68C35BE1}
		{3340DE0A-D38B-4E8D-A4B5-9D650EA53C72} = {30E097AB-75ED-42D1-8569-88721A969641}
		{390BC5C5-8BE1-4B4E-9C80-887EF4874223} = {30E097AB-75ED-42D1-8569-88721A969641}
		{0319AD57-A9AE-4879-88A5-29ED4F163C79} = {30E097AB-75ED-42D1-8569-88721A969641}
		{A3335AA8-8EC4-4FFA-97F1-BC26241C9CB0} = {30E097AB-75ED-42D1-8569-88721A969641}
	EndGlobalSection
	GlobalSection(ExtensibilityGlobals) = postSolution
		SolutionGuid = {13E7A763-FBFD-4BF5-AF69-8511BAB5D7EE}
	EndGlobalSection
EndGlobal
